
Microsoft Visual Studio Solution File, Format Version 11.00
# Visual Studio 2010
Project("{FAE04EC0-301F-11D3-BF4B-00C04F79EFBC}") = "190513-Down-Auth", "Assembly-CSharp.csproj", "{F6AD5C5F-18DB-7833-BD59-C8E6B2267780}"
EndProject
Project("{FAE04EC0-301F-11D3-BF4B-00C04F79EFBC}") = "190513-Down-Auth", "Assembly-CSharp-Editor.csproj", "{C7B533FC-343B-CBF5-D510-66908AD6FD05}"
EndProject
Global
	GlobalSection(SolutionConfigurationPlatforms) = preSolution
		Debug|Any CPU = Debug|Any CPU
		Release|Any CPU = Release|Any CPU
	EndGlobalSection
	GlobalSection(ProjectConfigurationPlatforms) = postSolution
		{F6AD5C5F-18DB-7833-BD59-C8E6B2267780}.Debug|Any CPU.ActiveCfg = Debug|Any CPU
		{F6AD5C5F-18DB-7833-BD59-C8E6B2267780}.Debug|Any CPU.Build.0 = Debug|Any CPU
		{F6AD5C5F-18DB-7833-BD59-C8E6B2267780}.Release|Any CPU.ActiveCfg = Release|Any CPU
		{F6AD5C5F-18DB-7833-BD59-C8E6B2267780}.Release|Any CPU.Build.0 = Release|Any CPU
		{C7B533FC-343B-CBF5-D510-66908AD6FD05}.Debug|Any CPU.ActiveCfg = Debug|Any CPU
		{C7B533FC-343B-CBF5-D510-66908AD6FD05}.Debug|Any CPU.Build.0 = Debug|Any CPU
		{C7B533FC-343B-CBF5-D510-66908AD6FD05}.Release|Any CPU.ActiveCfg = Release|Any CPU
		{C7B533FC-343B-CBF5-D510-66908AD6FD05}.Release|Any CPU.Build.0 = Release|Any CPU
	EndGlobalSection
	GlobalSection(SolutionProperties) = preSolution
		HideSolutionNode = FALSE
	EndGlobalSection
	GlobalSection(MonoDevelopProperties) = preSolution
		StartupItem = Assembly-CSharp.csproj
	EndGlobalSection
EndGlobal
