
Microsoft Visual Studio Solution File, Format Version 11.00
# Visual Studio 2010
Project("{FAE04EC0-301F-11D3-BF4B-00C04F79EFBC}") = "190227-NewDesk", "Assembly-CSharp.csproj", "{84AEBB65-91D9-CBF6-2B96-1CA15D05BBBC}"
EndProject
Project("{FAE04EC0-301F-11D3-BF4B-00C04F79EFBC}") = "190227-NewDesk", "Assembly-CSharp-Editor.csproj", "{F6E970E4-76E9-D86B-B3B4-86474DC7E0E5}"
EndProject
Global
	GlobalSection(SolutionConfigurationPlatforms) = preSolution
		Debug|Any CPU = Debug|Any CPU
		Release|Any CPU = Release|Any CPU
	EndGlobalSection
	GlobalSection(ProjectConfigurationPlatforms) = postSolution
		{84AEBB65-91D9-CBF6-2B96-1CA15D05BBBC}.Debug|Any CPU.ActiveCfg = Debug|Any CPU
		{84AEBB65-91D9-CBF6-2B96-1CA15D05BBBC}.Debug|Any CPU.Build.0 = Debug|Any CPU
		{84AEBB65-91D9-CBF6-2B96-1CA15D05BBBC}.Release|Any CPU.ActiveCfg = Release|Any CPU
		{84AEBB65-91D9-CBF6-2B96-1CA15D05BBBC}.Release|Any CPU.Build.0 = Release|Any CPU
		{F6E970E4-76E9-D86B-B3B4-86474DC7E0E5}.Debug|Any CPU.ActiveCfg = Debug|Any CPU
		{F6E970E4-76E9-D86B-B3B4-86474DC7E0E5}.Debug|Any CPU.Build.0 = Debug|Any CPU
		{F6E970E4-76E9-D86B-B3B4-86474DC7E0E5}.Release|Any CPU.ActiveCfg = Release|Any CPU
		{F6E970E4-76E9-D86B-B3B4-86474DC7E0E5}.Release|Any CPU.Build.0 = Release|Any CPU
	EndGlobalSection
	GlobalSection(SolutionProperties) = preSolution
		HideSolutionNode = FALSE
	EndGlobalSection
	GlobalSection(MonoDevelopProperties) = preSolution
		StartupItem = Assembly-CSharp.csproj
	EndGlobalSection
EndGlobal
