
Microsoft Visual Studio Solution File, Format Version 11.00
# Visual Studio 2010
Project("{FAE04EC0-301F-11D3-BF4B-00C04F79EFBC}") = "190228-SiteDownload", "Assembly-CSharp.csproj", "{F7AACFC2-362D-600C-80D7-8692849C9C87}"
EndProject
Project("{FAE04EC0-301F-11D3-BF4B-00C04F79EFBC}") = "190228-SiteDownload", "Assembly-CSharp-Editor.csproj", "{7B5B2507-44F2-C065-C419-35D737703854}"
EndProject
Global
	GlobalSection(SolutionConfigurationPlatforms) = preSolution
		Debug|Any CPU = Debug|Any CPU
		Release|Any CPU = Release|Any CPU
	EndGlobalSection
	GlobalSection(ProjectConfigurationPlatforms) = postSolution
		{F7AACFC2-362D-600C-80D7-8692849C9C87}.Debug|Any CPU.ActiveCfg = Debug|Any CPU
		{F7AACFC2-362D-600C-80D7-8692849C9C87}.Debug|Any CPU.Build.0 = Debug|Any CPU
		{F7AACFC2-362D-600C-80D7-8692849C9C87}.Release|Any CPU.ActiveCfg = Release|Any CPU
		{F7AACFC2-362D-600C-80D7-8692849C9C87}.Release|Any CPU.Build.0 = Release|Any CPU
		{7B5B2507-44F2-C065-C419-35D737703854}.Debug|Any CPU.ActiveCfg = Debug|Any CPU
		{7B5B2507-44F2-C065-C419-35D737703854}.Debug|Any CPU.Build.0 = Debug|Any CPU
		{7B5B2507-44F2-C065-C419-35D737703854}.Release|Any CPU.ActiveCfg = Release|Any CPU
		{7B5B2507-44F2-C065-C419-35D737703854}.Release|Any CPU.Build.0 = Release|Any CPU
	EndGlobalSection
	GlobalSection(SolutionProperties) = preSolution
		HideSolutionNode = FALSE
	EndGlobalSection
	GlobalSection(MonoDevelopProperties) = preSolution
		StartupItem = Assembly-CSharp.csproj
	EndGlobalSection
EndGlobal
